
Microsoft Visual Studio Solution File, Format Version 12.00
# Visual Studio Version 17
VisualStudioVersion = 17.1.32407.343
MinimumVisualStudioVersion = 10.0.40219.1
Project("{FAE04EC0-301F-11D3-BF4B-00C04F79EFBC}") = "SquareRoot", "SquareRoot.csproj", "{C924C040-F659-423E-8480-064BBE6C1D58}"
EndProject
Global
	GlobalSection(SolutionConfigurationPlatforms) = preSolution
		Debug|Any CPU = Debug|Any CPU
		Release|Any CPU = Release|Any CPU
	EndGlobalSection
	GlobalSection(ProjectConfigurationPlatforms) = postSolution
		{C924C040-F659-423E-8480-064BBE6C1D58}.Debug|Any CPU.ActiveCfg = Debug|Any CPU
		{C924C040-F659-423E-8480-064BBE6C1D58}.Debug|Any CPU.Build.0 = Debug|Any CPU
		{C924C040-F659-423E-8480-064BBE6C1D58}.Release|Any CPU.ActiveCfg = Release|Any CPU
		{C924C040-F659-423E-8480-064BBE6C1D58}.Release|Any CPU.Build.0 = Release|Any CPU
	EndGlobalSection
	GlobalSection(SolutionProperties) = preSolution
		HideSolutionNode = FALSE
	EndGlobalSection
	GlobalSection(ExtensibilityGlobals) = postSolution
		SolutionGuid = {155AE222-16F7-4DAA-8C67-A340D8DE58FA}
	EndGlobalSection
EndGlobal
